{
  "object": {
    "pins": [
      {
        "package": "SwiftUIForms",
        "repositoryURL": "git@github.com:kaiobrito/swiftui-forms.git",
        "state": {
          "branch": "master",
          "revision": "f5c35a16a2ee411204b717f7c5051b27e4640522",
          "version": null
        }
      }
    ]
  },
  "version": 1
}
