{
  "object": {
    "pins": [
      {
        "package": "SwiftUIForms",
        "repositoryURL": "git@github.com:kaiobrito/swiftui-forms.git",
        "state": {
          "branch": "master",
          "revision": "5ea54722954c8eaca7e9bde48aec46219c9e59a8",
          "version": null
        }
      }
    ]
  },
  "version": 1
}
