// !$*UTF8*$!
{
	archiveVersion = 1;
	classes = {
	};
	objectVersion = 52;
	objects = {

/* Begin PBXBuildFile section */
		8B8BF8EF244A50C80041DFCA /* StringValidators.swift in Sources */ = {isa = PBXBuildFile; fileRef = 8B8BF8EE244A50C80041DFCA /* StringValidators.swift */; };
		8B8BF8F4244A58A00041DFCA /* SwiftUIForms in Frameworks */ = {isa = PBXBuildFile; productRef = 8B8BF8F3244A58A00041DFCA /* SwiftUIForms */; };
		8B8BF8F6244A58D10041DFCA /* TextInputView.swift in Sources */ = {isa = PBXBuildFile; fileRef = 8B8BF8F5244A58D10041DFCA /* TextInputView.swift */; };
		8BB5D656244A4B09008F1CA0 /* AppDelegate.swift in Sources */ = {isa = PBXBuildFile; fileRef = 8BB5D655244A4B09008F1CA0 /* AppDelegate.swift */; };
		8BB5D658244A4B09008F1CA0 /* SceneDelegate.swift in Sources */ = {isa = PBXBuildFile; fileRef = 8BB5D657244A4B09008F1CA0 /* SceneDelegate.swift */; };
		8BB5D65A244A4B09008F1CA0 /* ContentView.swift in Sources */ = {isa = PBXBuildFile; fileRef = 8BB5D659244A4B09008F1CA0 /* ContentView.swift */; };
		8BB5D65C244A4B0A008F1CA0 /* Assets.xcassets in Resources */ = {isa = PBXBuildFile; fileRef = 8BB5D65B244A4B0A008F1CA0 /* Assets.xcassets */; };
		8BB5D65F244A4B0A008F1CA0 /* Preview Assets.xcassets in Resources */ = {isa = PBXBuildFile; fileRef = 8BB5D65E244A4B0A008F1CA0 /* Preview Assets.xcassets */; };
		8BB5D662244A4B0A008F1CA0 /* LaunchScreen.storyboard in Resources */ = {isa = PBXBuildFile; fileRef = 8BB5D660244A4B0A008F1CA0 /* LaunchScreen.storyboard */; };
		8BB5D671244A4EB7008F1CA0 /* FormGroupView.swift in Sources */ = {isa = PBXBuildFile; fileRef = 8BB5D670244A4EB7008F1CA0 /* FormGroupView.swift */; };
/* End PBXBuildFile section */

/* Begin PBXFileReference section */
		8B8BF8EE244A50C80041DFCA /* StringValidators.swift */ = {isa = PBXFileReference; lastKnownFileType = sourcecode.swift; path = StringValidators.swift; sourceTree = "<group>"; };
		8B8BF8F5244A58D10041DFCA /* TextInputView.swift */ = {isa = PBXFileReference; lastKnownFileType = sourcecode.swift; path = TextInputView.swift; sourceTree = "<group>"; };
		8BB5D652244A4B09008F1CA0 /* SwiftUIFormsSample.app */ = {isa = PBXFileReference; explicitFileType = wrapper.application; includeInIndex = 0; path = SwiftUIFormsSample.app; sourceTree = BUILT_PRODUCTS_DIR; };
		8BB5D655244A4B09008F1CA0 /* AppDelegate.swift */ = {isa = PBXFileReference; lastKnownFileType = sourcecode.swift; path = AppDelegate.swift; sourceTree = "<group>"; };
		8BB5D657244A4B09008F1CA0 /* SceneDelegate.swift */ = {isa = PBXFileReference; lastKnownFileType = sourcecode.swift; path = SceneDelegate.swift; sourceTree = "<group>"; };
		8BB5D659244A4B09008F1CA0 /* ContentView.swift */ = {isa = PBXFileReference; lastKnownFileType = sourcecode.swift; path = ContentView.swift; sourceTree = "<group>"; };
		8BB5D65B244A4B0A008F1CA0 /* Assets.xcassets */ = {isa = PBXFileReference; lastKnownFileType = folder.assetcatalog; path = Assets.xcassets; sourceTree = "<group>"; };
		8BB5D65E244A4B0A008F1CA0 /* Preview Assets.xcassets */ = {isa = PBXFileReference; lastKnownFileType = folder.assetcatalog; path = "Preview Assets.xcassets"; sourceTree = "<group>"; };
		8BB5D661244A4B0A008F1CA0 /* Base */ = {isa = PBXFileReference; lastKnownFileType = file.storyboard; name = Base; path = Base.lproj/LaunchScreen.storyboard; sourceTree = "<group>"; };
		8BB5D663244A4B0A008F1CA0 /* Info.plist */ = {isa = PBXFileReference; lastKnownFileType = text.plist.xml; path = Info.plist; sourceTree = "<group>"; };
		8BB5D670244A4EB7008F1CA0 /* FormGroupView.swift */ = {isa = PBXFileReference; lastKnownFileType = sourcecode.swift; path = FormGroupView.swift; sourceTree = "<group>"; };
/* End PBXFileReference section */

/* Begin PBXFrameworksBuildPhase section */
		8BB5D64F244A4B09008F1CA0 /* Frameworks */ = {
			isa = PBXFrameworksBuildPhase;
			buildActionMask = 2147483647;
			files = (
				8B8BF8F4244A58A00041DFCA /* SwiftUIForms in Frameworks */,
			);
			runOnlyForDeploymentPostprocessing = 0;
		};
/* End PBXFrameworksBuildPhase section */

/* Begin PBXGroup section */
		8B8BF8ED244A50BA0041DFCA /* Validators */ = {
			isa = PBXGroup;
			children = (
				8B8BF8EE244A50C80041DFCA /* StringValidators.swift */,
			);
			path = Validators;
			sourceTree = "<group>";
		};
		8BB5D649244A4B09008F1CA0 = {
			isa = PBXGroup;
			children = (
				8BB5D654244A4B09008F1CA0 /* SwiftUIFormsSample */,
				8BB5D653244A4B09008F1CA0 /* Products */,
			);
			sourceTree = "<group>";
		};
		8BB5D653244A4B09008F1CA0 /* Products */ = {
			isa = PBXGroup;
			children = (
				8BB5D652244A4B09008F1CA0 /* SwiftUIFormsSample.app */,
			);
			name = Products;
			sourceTree = "<group>";
		};
		8BB5D654244A4B09008F1CA0 /* SwiftUIFormsSample */ = {
			isa = PBXGroup;
			children = (
				8B8BF8ED244A50BA0041DFCA /* Validators */,
				8BB5D66F244A4EA8008F1CA0 /* Components */,
				8BB5D655244A4B09008F1CA0 /* AppDelegate.swift */,
				8BB5D657244A4B09008F1CA0 /* SceneDelegate.swift */,
				8BB5D659244A4B09008F1CA0 /* ContentView.swift */,
				8BB5D65B244A4B0A008F1CA0 /* Assets.xcassets */,
				8BB5D660244A4B0A008F1CA0 /* LaunchScreen.storyboard */,
				8BB5D663244A4B0A008F1CA0 /* Info.plist */,
				8BB5D65D244A4B0A008F1CA0 /* Preview Content */,
			);
			path = SwiftUIFormsSample;
			sourceTree = "<group>";
		};
		8BB5D65D244A4B0A008F1CA0 /* Preview Content */ = {
			isa = PBXGroup;
			children = (
				8BB5D65E244A4B0A008F1CA0 /* Preview Assets.xcassets */,
			);
			path = "Preview Content";
			sourceTree = "<group>";
		};
		8BB5D66F244A4EA8008F1CA0 /* Components */ = {
			isa = PBXGroup;
			children = (
				8BB5D670244A4EB7008F1CA0 /* FormGroupView.swift */,
				8B8BF8F5244A58D10041DFCA /* TextInputView.swift */,
			);
			path = Components;
			sourceTree = "<group>";
		};
/* End PBXGroup section */

/* Begin PBXNativeTarget section */
		8BB5D651244A4B09008F1CA0 /* SwiftUIFormsSample */ = {
			isa = PBXNativeTarget;
			buildConfigurationList = 8BB5D666244A4B0A008F1CA0 /* Build configuration list for PBXNativeTarget "SwiftUIFormsSample" */;
			buildPhases = (
				8BB5D64E244A4B09008F1CA0 /* Sources */,
				8BB5D64F244A4B09008F1CA0 /* Frameworks */,
				8BB5D650244A4B09008F1CA0 /* Resources */,
			);
			buildRules = (
			);
			dependencies = (
			);
			name = SwiftUIFormsSample;
			packageProductDependencies = (
				8B8BF8F3244A58A00041DFCA /* SwiftUIForms */,
			);
			productName = SwiftUIFormsSample;
			productReference = 8BB5D652244A4B09008F1CA0 /* SwiftUIFormsSample.app */;
			productType = "com.apple.product-type.application";
		};
/* End PBXNativeTarget section */

/* Begin PBXProject section */
		8BB5D64A244A4B09008F1CA0 /* Project object */ = {
			isa = PBXProject;
			attributes = {
				LastSwiftUpdateCheck = 1140;
				LastUpgradeCheck = 1140;
				ORGANIZATIONNAME = "Kaio Brito";
				TargetAttributes = {
					8BB5D651244A4B09008F1CA0 = {
						CreatedOnToolsVersion = 11.4.1;
					};
				};
			};
			buildConfigurationList = 8BB5D64D244A4B09008F1CA0 /* Build configuration list for PBXProject "SwiftUIFormsSample" */;
			compatibilityVersion = "Xcode 9.3";
			developmentRegion = en;
			hasScannedForEncodings = 0;
			knownRegions = (
				en,
				Base,
			);
			mainGroup = 8BB5D649244A4B09008F1CA0;
			packageReferences = (
				8B8BF8F2244A58A00041DFCA /* XCRemoteSwiftPackageReference "swiftui-forms" */,
			);
			productRefGroup = 8BB5D653244A4B09008F1CA0 /* Products */;
			projectDirPath = "";
			projectRoot = "";
			targets = (
				8BB5D651244A4B09008F1CA0 /* SwiftUIFormsSample */,
			);
		};
/* End PBXProject section */

/* Begin PBXResourcesBuildPhase section */
		8BB5D650244A4B09008F1CA0 /* Resources */ = {
			isa = PBXResourcesBuildPhase;
			buildActionMask = 2147483647;
			files = (
				8BB5D662244A4B0A008F1CA0 /* LaunchScreen.storyboard in Resources */,
				8BB5D65F244A4B0A008F1CA0 /* Preview Assets.xcassets in Resources */,
				8BB5D65C244A4B0A008F1CA0 /* Assets.xcassets in Resources */,
			);
			runOnlyForDeploymentPostprocessing = 0;
		};
/* End PBXResourcesBuildPhase section */

/* Begin PBXSourcesBuildPhase section */
		8BB5D64E244A4B09008F1CA0 /* Sources */ = {
			isa = PBXSourcesBuildPhase;
			buildActionMask = 2147483647;
			files = (
				8B8BF8EF244A50C80041DFCA /* StringValidators.swift in Sources */,
				8BB5D656244A4B09008F1CA0 /* AppDelegate.swift in Sources */,
				8B8BF8F6244A58D10041DFCA /* TextInputView.swift in Sources */,
				8BB5D658244A4B09008F1CA0 /* SceneDelegate.swift in Sources */,
				8BB5D671244A4EB7008F1CA0 /* FormGroupView.swift in Sources */,
				8BB5D65A244A4B09008F1CA0 /* ContentView.swift in Sources */,
			);
			runOnlyForDeploymentPostprocessing = 0;
		};
/* End PBXSourcesBuildPhase section */

/* Begin PBXVariantGroup section */
		8BB5D660244A4B0A008F1CA0 /* LaunchScreen.storyboard */ = {
			isa = PBXVariantGroup;
			children = (
				8BB5D661244A4B0A008F1CA0 /* Base */,
			);
			name = LaunchScreen.storyboard;
			sourceTree = "<group>";
		};
/* End PBXVariantGroup section */

/* Begin XCBuildConfiguration section */
		8BB5D664244A4B0A008F1CA0 /* Debug */ = {
			isa = XCBuildConfiguration;
			buildSettings = {
				ALWAYS_SEARCH_USER_PATHS = NO;
				CLANG_ANALYZER_NONNULL = YES;
				CLANG_ANALYZER_NUMBER_OBJECT_CONVERSION = YES_AGGRESSIVE;
				CLANG_CXX_LANGUAGE_STANDARD = "gnu++14";
				CLANG_CXX_LIBRARY = "libc++";
				CLANG_ENABLE_MODULES = YES;
				CLANG_ENABLE_OBJC_ARC = YES;
				CLANG_ENABLE_OBJC_WEAK = YES;
				CLANG_WARN_BLOCK_CAPTURE_AUTORELEASING = YES;
				CLANG_WARN_BOOL_CONVERSION = YES;
				CLANG_WARN_COMMA = YES;
				CLANG_WARN_CONSTANT_CONVERSION = YES;
				CLANG_WARN_DEPRECATED_OBJC_IMPLEMENTATIONS = YES;
				CLANG_WARN_DIRECT_OBJC_ISA_USAGE = YES_ERROR;
				CLANG_WARN_DOCUMENTATION_COMMENTS = YES;
				CLANG_WARN_EMPTY_BODY = YES;
				CLANG_WARN_ENUM_CONVERSION = YES;
				CLANG_WARN_INFINITE_RECURSION = YES;
				CLANG_WARN_INT_CONVERSION = YES;
				CLANG_WARN_NON_LITERAL_NULL_CONVERSION = YES;
				CLANG_WARN_OBJC_IMPLICIT_RETAIN_SELF = YES;
				CLANG_WARN_OBJC_LITERAL_CONVERSION = YES;
				CLANG_WARN_OBJC_ROOT_CLASS = YES_ERROR;
				CLANG_WARN_RANGE_LOOP_ANALYSIS = YES;
				CLANG_WARN_STRICT_PROTOTYPES = YES;
				CLANG_WARN_SUSPICIOUS_MOVE = YES;
				CLANG_WARN_UNGUARDED_AVAILABILITY = YES_AGGRESSIVE;
				CLANG_WARN_UNREACHABLE_CODE = YES;
				CLANG_WARN__DUPLICATE_METHOD_MATCH = YES;
				COPY_PHASE_STRIP = NO;
				DEBUG_INFORMATION_FORMAT = dwarf;
				ENABLE_STRICT_OBJC_MSGSEND = YES;
				ENABLE_TESTABILITY = YES;
				GCC_C_LANGUAGE_STANDARD = gnu11;
				GCC_DYNAMIC_NO_PIC = NO;
				GCC_NO_COMMON_BLOCKS = YES;
				GCC_OPTIMIZATION_LEVEL = 0;
				GCC_PREPROCESSOR_DEFINITIONS = (
					"DEBUG=1",
					"$(inherited)",
				);
				GCC_WARN_64_TO_32_BIT_CONVERSION = YES;
				GCC_WARN_ABOUT_RETURN_TYPE = YES_ERROR;
				GCC_WARN_UNDECLARED_SELECTOR = YES;
				GCC_WARN_UNINITIALIZED_AUTOS = YES_AGGRESSIVE;
				GCC_WARN_UNUSED_FUNCTION = YES;
				GCC_WARN_UNUSED_VARIABLE = YES;
				IPHONEOS_DEPLOYMENT_TARGET = 13.4;
				MTL_ENABLE_DEBUG_INFO = INCLUDE_SOURCE;
				MTL_FAST_MATH = YES;
				ONLY_ACTIVE_ARCH = YES;
				SDKROOT = iphoneos;
				SWIFT_ACTIVE_COMPILATION_CONDITIONS = DEBUG;
				SWIFT_OPTIMIZATION_LEVEL = "-Onone";
			};
			name = Debug;
		};
		8BB5D665244A4B0A008F1CA0 /* Release */ = {
			isa = XCBuildConfiguration;
			buildSettings = {
				ALWAYS_SEARCH_USER_PATHS = NO;
				CLANG_ANALYZER_NONNULL = YES;
				CLANG_ANALYZER_NUMBER_OBJECT_CONVERSION = YES_AGGRESSIVE;
				CLANG_CXX_LANGUAGE_STANDARD = "gnu++14";
				CLANG_CXX_LIBRARY = "libc++";
				CLANG_ENABLE_MODULES = YES;
				CLANG_ENABLE_OBJC_ARC = YES;
				CLANG_ENABLE_OBJC_WEAK = YES;
				CLANG_WARN_BLOCK_CAPTURE_AUTORELEASING = YES;
				CLANG_WARN_BOOL_CONVERSION = YES;
				CLANG_WARN_COMMA = YES;
				CLANG_WARN_CONSTANT_CONVERSION = YES;
				CLANG_WARN_DEPRECATED_OBJC_IMPLEMENTATIONS = YES;
				CLANG_WARN_DIRECT_OBJC_ISA_USAGE = YES_ERROR;
				CLANG_WARN_DOCUMENTATION_COMMENTS = YES;
				CLANG_WARN_EMPTY_BODY = YES;
				CLANG_WARN_ENUM_CONVERSION = YES;
				CLANG_WARN_INFINITE_RECURSION = YES;
				CLANG_WARN_INT_CONVERSION = YES;
				CLANG_WARN_NON_LITERAL_NULL_CONVERSION = YES;
				CLANG_WARN_OBJC_IMPLICIT_RETAIN_SELF = YES;
				CLANG_WARN_OBJC_LITERAL_CONVERSION = YES;
				CLANG_WARN_OBJC_ROOT_CLASS = YES_ERROR;
				CLANG_WARN_RANGE_LOOP_ANALYSIS = YES;
				CLANG_WARN_STRICT_PROTOTYPES = YES;
				CLANG_WARN_SUSPICIOUS_MOVE = YES;
				CLANG_WARN_UNGUARDED_AVAILABILITY = YES_AGGRESSIVE;
				CLANG_WARN_UNREACHABLE_CODE = YES;
				CLANG_WARN__DUPLICATE_METHOD_MATCH = YES;
				COPY_PHASE_STRIP = NO;
				DEBUG_INFORMATION_FORMAT = "dwarf-with-dsym";
				ENABLE_NS_ASSERTIONS = NO;
				ENABLE_STRICT_OBJC_MSGSEND = YES;
				GCC_C_LANGUAGE_STANDARD = gnu11;
				GCC_NO_COMMON_BLOCKS = YES;
				GCC_WARN_64_TO_32_BIT_CONVERSION = YES;
				GCC_WARN_ABOUT_RETURN_TYPE = YES_ERROR;
				GCC_WARN_UNDECLARED_SELECTOR = YES;
				GCC_WARN_UNINITIALIZED_AUTOS = YES_AGGRESSIVE;
				GCC_WARN_UNUSED_FUNCTION = YES;
				GCC_WARN_UNUSED_VARIABLE = YES;
				IPHONEOS_DEPLOYMENT_TARGET = 13.4;
				MTL_ENABLE_DEBUG_INFO = NO;
				MTL_FAST_MATH = YES;
				SDKROOT = iphoneos;
				SWIFT_COMPILATION_MODE = wholemodule;
				SWIFT_OPTIMIZATION_LEVEL = "-O";
				VALIDATE_PRODUCT = YES;
			};
			name = Release;
		};
		8BB5D667244A4B0A008F1CA0 /* Debug */ = {
			isa = XCBuildConfiguration;
			buildSettings = {
				ASSETCATALOG_COMPILER_APPICON_NAME = AppIcon;
				CODE_SIGN_STYLE = Automatic;
				DEVELOPMENT_ASSET_PATHS = "\"SwiftUIFormsSample/Preview Content\"";
				DEVELOPMENT_TEAM = YXD5DJDMKR;
				ENABLE_PREVIEWS = YES;
				INFOPLIST_FILE = SwiftUIFormsSample/Info.plist;
				LD_RUNPATH_SEARCH_PATHS = (
					"$(inherited)",
					"@executable_path/Frameworks",
				);
				PRODUCT_BUNDLE_IDENTIFIER = com.kaiobrito.homebudget.SwiftUIFormsSample;
				PRODUCT_NAME = "$(TARGET_NAME)";
				SWIFT_VERSION = 5.0;
				TARGETED_DEVICE_FAMILY = "1,2";
			};
			name = Debug;
		};
		8BB5D668244A4B0A008F1CA0 /* Release */ = {
			isa = XCBuildConfiguration;
			buildSettings = {
				ASSETCATALOG_COMPILER_APPICON_NAME = AppIcon;
				CODE_SIGN_STYLE = Automatic;
				DEVELOPMENT_ASSET_PATHS = "\"SwiftUIFormsSample/Preview Content\"";
				DEVELOPMENT_TEAM = YXD5DJDMKR;
				ENABLE_PREVIEWS = YES;
				INFOPLIST_FILE = SwiftUIFormsSample/Info.plist;
				LD_RUNPATH_SEARCH_PATHS = (
					"$(inherited)",
					"@executable_path/Frameworks",
				);
				PRODUCT_BUNDLE_IDENTIFIER = com.kaiobrito.homebudget.SwiftUIFormsSample;
				PRODUCT_NAME = "$(TARGET_NAME)";
				SWIFT_VERSION = 5.0;
				TARGETED_DEVICE_FAMILY = "1,2";
			};
			name = Release;
		};
/* End XCBuildConfiguration section */

/* Begin XCConfigurationList section */
		8BB5D64D244A4B09008F1CA0 /* Build configuration list for PBXProject "SwiftUIFormsSample" */ = {
			isa = XCConfigurationList;
			buildConfigurations = (
				8BB5D664244A4B0A008F1CA0 /* Debug */,
				8BB5D665244A4B0A008F1CA0 /* Release */,
			);
			defaultConfigurationIsVisible = 0;
			defaultConfigurationName = Release;
		};
		8BB5D666244A4B0A008F1CA0 /* Build configuration list for PBXNativeTarget "SwiftUIFormsSample" */ = {
			isa = XCConfigurationList;
			buildConfigurations = (
				8BB5D667244A4B0A008F1CA0 /* Debug */,
				8BB5D668244A4B0A008F1CA0 /* Release */,
			);
			defaultConfigurationIsVisible = 0;
			defaultConfigurationName = Release;
		};
/* End XCConfigurationList section */

/* Begin XCRemoteSwiftPackageReference section */
		8B8BF8F2244A58A00041DFCA /* XCRemoteSwiftPackageReference "swiftui-forms" */ = {
			isa = XCRemoteSwiftPackageReference;
			repositoryURL = "git@github.com:kaiobrito/swiftui-forms.git";
			requirement = {
				branch = master;
				kind = branch;
			};
		};
/* End XCRemoteSwiftPackageReference section */

/* Begin XCSwiftPackageProductDependency section */
		8B8BF8F3244A58A00041DFCA /* SwiftUIForms */ = {
			isa = XCSwiftPackageProductDependency;
			package = 8B8BF8F2244A58A00041DFCA /* XCRemoteSwiftPackageReference "swiftui-forms" */;
			productName = SwiftUIForms;
		};
/* End XCSwiftPackageProductDependency section */
	};
	rootObject = 8BB5D64A244A4B09008F1CA0 /* Project object */;
}
